
Microsoft Visual Studio Solution File, Format Version 12.00
# Visual Studio Version 17
VisualStudioVersion = 17.5.002.0
MinimumVisualStudioVersion = 10.0.40219.1
Project("{9A19103F-16F7-4668-BE54-9A1E7A4F7556}") = "Project", "Project.csproj", "{AA0FD2EB-6000-481D-A13F-63ACC34A2A1C}"
EndProject
Global
	GlobalSection(SolutionConfigurationPlatforms) = preSolution
		Debug|Any CPU = Debug|Any CPU
		Release|Any CPU = Release|Any CPU
	EndGlobalSection
	GlobalSection(ProjectConfigurationPlatforms) = postSolution
		{AA0FD2EB-6000-481D-A13F-63ACC34A2A1C}.Debug|Any CPU.ActiveCfg = Debug|Any CPU
		{AA0FD2EB-6000-481D-A13F-63ACC34A2A1C}.Debug|Any CPU.Build.0 = Debug|Any CPU
		{AA0FD2EB-6000-481D-A13F-63ACC34A2A1C}.Release|Any CPU.ActiveCfg = Release|Any CPU
		{AA0FD2EB-6000-481D-A13F-63ACC34A2A1C}.Release|Any CPU.Build.0 = Release|Any CPU
	EndGlobalSection
	GlobalSection(SolutionProperties) = preSolution
		HideSolutionNode = FALSE
	EndGlobalSection
	GlobalSection(ExtensibilityGlobals) = postSolution
		SolutionGuid = {FF2F4627-9295-47CE-A974-801D0EAAF094}
	EndGlobalSection
EndGlobal
